
Microsoft Visual Studio Solution File, Format Version 12.00
# Visual Studio 15
VisualStudioVersion = 15.0.27703.2042
MinimumVisualStudioVersion = 10.0.40219.1
Project("{FAE04EC0-301F-11D3-BF4B-00C04F79EFBC}") = "Сollections", "Сollections\Сollections.csproj", "{250EADE8-A0F9-44F8-A744-7C4DD4127101}"
EndProject
Project("{FAE04EC0-301F-11D3-BF4B-00C04F79EFBC}") = "СollectionsAll", "ClassLibrary1\СollectionsAll.csproj", "{29C27BE9-C16B-42E1-9081-1EDE5D342F66}"
EndProject
Global
	GlobalSection(SolutionConfigurationPlatforms) = preSolution
		Debug|Any CPU = Debug|Any CPU
		Release|Any CPU = Release|Any CPU
	EndGlobalSection
	GlobalSection(ProjectConfigurationPlatforms) = postSolution
		{250EADE8-A0F9-44F8-A744-7C4DD4127101}.Debug|Any CPU.ActiveCfg = Debug|Any CPU
		{250EADE8-A0F9-44F8-A744-7C4DD4127101}.Debug|Any CPU.Build.0 = Debug|Any CPU
		{250EADE8-A0F9-44F8-A744-7C4DD4127101}.Release|Any CPU.ActiveCfg = Release|Any CPU
		{250EADE8-A0F9-44F8-A744-7C4DD4127101}.Release|Any CPU.Build.0 = Release|Any CPU
		{29C27BE9-C16B-42E1-9081-1EDE5D342F66}.Debug|Any CPU.ActiveCfg = Debug|Any CPU
		{29C27BE9-C16B-42E1-9081-1EDE5D342F66}.Debug|Any CPU.Build.0 = Debug|Any CPU
		{29C27BE9-C16B-42E1-9081-1EDE5D342F66}.Release|Any CPU.ActiveCfg = Release|Any CPU
		{29C27BE9-C16B-42E1-9081-1EDE5D342F66}.Release|Any CPU.Build.0 = Release|Any CPU
	EndGlobalSection
	GlobalSection(SolutionProperties) = preSolution
		HideSolutionNode = FALSE
	EndGlobalSection
	GlobalSection(ExtensibilityGlobals) = postSolution
		SolutionGuid = {0AE7385F-9DCA-4FE1-8361-466061BD27D9}
	EndGlobalSection
EndGlobal
