
Microsoft Visual Studio Solution File, Format Version 12.00
# Visual Studio 15
VisualStudioVersion = 15.0.27703.2042
MinimumVisualStudioVersion = 10.0.40219.1
Project("{FAE04EC0-301F-11D3-BF4B-00C04F79EFBC}") = "IndexatorsDZ", "IndexatorsDZ\IndexatorsDZ.csproj", "{F108C818-AEA6-42CB-8AEE-63C0E6CC4C6A}"
EndProject
Project("{FAE04EC0-301F-11D3-BF4B-00C04F79EFBC}") = "MArray", "MArray\MArray.csproj", "{0C3E53D4-2773-4484-9DF8-EB6C5CAAC0F1}"
EndProject
Global
	GlobalSection(SolutionConfigurationPlatforms) = preSolution
		Debug|Any CPU = Debug|Any CPU
		Release|Any CPU = Release|Any CPU
	EndGlobalSection
	GlobalSection(ProjectConfigurationPlatforms) = postSolution
		{F108C818-AEA6-42CB-8AEE-63C0E6CC4C6A}.Debug|Any CPU.ActiveCfg = Debug|Any CPU
		{F108C818-AEA6-42CB-8AEE-63C0E6CC4C6A}.Debug|Any CPU.Build.0 = Debug|Any CPU
		{F108C818-AEA6-42CB-8AEE-63C0E6CC4C6A}.Release|Any CPU.ActiveCfg = Release|Any CPU
		{F108C818-AEA6-42CB-8AEE-63C0E6CC4C6A}.Release|Any CPU.Build.0 = Release|Any CPU
		{0C3E53D4-2773-4484-9DF8-EB6C5CAAC0F1}.Debug|Any CPU.ActiveCfg = Debug|Any CPU
		{0C3E53D4-2773-4484-9DF8-EB6C5CAAC0F1}.Debug|Any CPU.Build.0 = Debug|Any CPU
		{0C3E53D4-2773-4484-9DF8-EB6C5CAAC0F1}.Release|Any CPU.ActiveCfg = Release|Any CPU
		{0C3E53D4-2773-4484-9DF8-EB6C5CAAC0F1}.Release|Any CPU.Build.0 = Release|Any CPU
	EndGlobalSection
	GlobalSection(SolutionProperties) = preSolution
		HideSolutionNode = FALSE
	EndGlobalSection
	GlobalSection(ExtensibilityGlobals) = postSolution
		SolutionGuid = {0930D13A-448D-4F89-94BB-9CF9C17E10C7}
	EndGlobalSection
EndGlobal
