
Microsoft Visual Studio Solution File, Format Version 12.00
# Visual Studio 15
VisualStudioVersion = 15.0.27130.2010
MinimumVisualStudioVersion = 10.0.40219.1
Project("{FAE04EC0-301F-11D3-BF4B-00C04F79EFBC}") = "CollectionList", "CollectionList\CollectionList.csproj", "{12B82B1D-EEE9-439F-9A28-E5FA90C1DEBE}"
EndProject
Global
	GlobalSection(SolutionConfigurationPlatforms) = preSolution
		Debug|Any CPU = Debug|Any CPU
		Release|Any CPU = Release|Any CPU
	EndGlobalSection
	GlobalSection(ProjectConfigurationPlatforms) = postSolution
		{12B82B1D-EEE9-439F-9A28-E5FA90C1DEBE}.Debug|Any CPU.ActiveCfg = Debug|Any CPU
		{12B82B1D-EEE9-439F-9A28-E5FA90C1DEBE}.Debug|Any CPU.Build.0 = Debug|Any CPU
		{12B82B1D-EEE9-439F-9A28-E5FA90C1DEBE}.Release|Any CPU.ActiveCfg = Release|Any CPU
		{12B82B1D-EEE9-439F-9A28-E5FA90C1DEBE}.Release|Any CPU.Build.0 = Release|Any CPU
	EndGlobalSection
	GlobalSection(SolutionProperties) = preSolution
		HideSolutionNode = FALSE
	EndGlobalSection
	GlobalSection(ExtensibilityGlobals) = postSolution
		SolutionGuid = {C7078937-7B04-4949-A68C-04C36697C3D1}
	EndGlobalSection
EndGlobal
